
Microsoft Visual Studio Solution File, Format Version 12.00
# Visual Studio 2013
VisualStudioVersion = 12.0.40629.0
MinimumVisualStudioVersion = 10.0.40219.1
Project("{FAE04EC0-301F-11D3-BF4B-00C04F79EFBC}") = "Ultricalendar.Domain", "Ultricalendar.Domain\Ultricalendar.Domain.csproj", "{0C807DDC-9B6D-4A08-B545-0E5872361466}"
EndProject
Project("{FAE04EC0-301F-11D3-BF4B-00C04F79EFBC}") = "Ultricalendar.Domain.Tests", "Ultricalendar.Domain.Tests\Ultricalendar.Domain.Tests.csproj", "{A1F5CA98-96C1-42D4-A514-DE344AFE814B}"
EndProject
Project("{FAE04EC0-301F-11D3-BF4B-00C04F79EFBC}") = "Ultricalendar.Extensions", "Ultricalendar.Extensions\Ultricalendar.Extensions.csproj", "{50CA1BAD-2B0F-46F9-9A21-43E506665AE6}"
EndProject
Project("{FAE04EC0-301F-11D3-BF4B-00C04F79EFBC}") = "Ultricalendar.Extensions.Tests", "Ultricalendar.Extensions.Tests\Ultricalendar.Extensions.Tests.csproj", "{3F542964-14A6-4366-88E2-4A2AD5E6B6D7}"
EndProject
Global
	GlobalSection(SolutionConfigurationPlatforms) = preSolution
		Debug|Any CPU = Debug|Any CPU
		Release|Any CPU = Release|Any CPU
	EndGlobalSection
	GlobalSection(ProjectConfigurationPlatforms) = postSolution
		{0C807DDC-9B6D-4A08-B545-0E5872361466}.Debug|Any CPU.ActiveCfg = Debug|Any CPU
		{0C807DDC-9B6D-4A08-B545-0E5872361466}.Debug|Any CPU.Build.0 = Debug|Any CPU
		{0C807DDC-9B6D-4A08-B545-0E5872361466}.Release|Any CPU.ActiveCfg = Release|Any CPU
		{0C807DDC-9B6D-4A08-B545-0E5872361466}.Release|Any CPU.Build.0 = Release|Any CPU
		{A1F5CA98-96C1-42D4-A514-DE344AFE814B}.Debug|Any CPU.ActiveCfg = Debug|Any CPU
		{A1F5CA98-96C1-42D4-A514-DE344AFE814B}.Debug|Any CPU.Build.0 = Debug|Any CPU
		{A1F5CA98-96C1-42D4-A514-DE344AFE814B}.Release|Any CPU.ActiveCfg = Release|Any CPU
		{A1F5CA98-96C1-42D4-A514-DE344AFE814B}.Release|Any CPU.Build.0 = Release|Any CPU
		{50CA1BAD-2B0F-46F9-9A21-43E506665AE6}.Debug|Any CPU.ActiveCfg = Debug|Any CPU
		{50CA1BAD-2B0F-46F9-9A21-43E506665AE6}.Debug|Any CPU.Build.0 = Debug|Any CPU
		{50CA1BAD-2B0F-46F9-9A21-43E506665AE6}.Release|Any CPU.ActiveCfg = Release|Any CPU
		{50CA1BAD-2B0F-46F9-9A21-43E506665AE6}.Release|Any CPU.Build.0 = Release|Any CPU
		{3F542964-14A6-4366-88E2-4A2AD5E6B6D7}.Debug|Any CPU.ActiveCfg = Debug|Any CPU
		{3F542964-14A6-4366-88E2-4A2AD5E6B6D7}.Debug|Any CPU.Build.0 = Debug|Any CPU
		{3F542964-14A6-4366-88E2-4A2AD5E6B6D7}.Release|Any CPU.ActiveCfg = Release|Any CPU
		{3F542964-14A6-4366-88E2-4A2AD5E6B6D7}.Release|Any CPU.Build.0 = Release|Any CPU
	EndGlobalSection
	GlobalSection(SolutionProperties) = preSolution
		HideSolutionNode = FALSE
	EndGlobalSection
EndGlobal
